
Microsoft Visual Studio Solution File, Format Version 12.00
# Visual Studio Version 17
VisualStudioVersion = 17.9.34728.123
MinimumVisualStudioVersion = 10.0.40219.1
Project("{FAE04EC0-301F-11D3-BF4B-00C04F79EFBC}") = "CloudApi", "CloudApi.csproj", "{88DBDF86-7DB0-45C2-8C93-952FA441879A}"
EndProject
Global
	GlobalSection(SolutionConfigurationPlatforms) = preSolution
		Debug|Any CPU = Debug|Any CPU
		Release|Any CPU = Release|Any CPU
	EndGlobalSection
	GlobalSection(ProjectConfigurationPlatforms) = postSolution
		{88DBDF86-7DB0-45C2-8C93-952FA441879A}.Debug|Any CPU.ActiveCfg = Debug|Any CPU
		{88DBDF86-7DB0-45C2-8C93-952FA441879A}.Debug|Any CPU.Build.0 = Debug|Any CPU
		{88DBDF86-7DB0-45C2-8C93-952FA441879A}.Release|Any CPU.ActiveCfg = Release|Any CPU
		{88DBDF86-7DB0-45C2-8C93-952FA441879A}.Release|Any CPU.Build.0 = Release|Any CPU
	EndGlobalSection
	GlobalSection(SolutionProperties) = preSolution
		HideSolutionNode = FALSE
	EndGlobalSection
	GlobalSection(ExtensibilityGlobals) = postSolution
		SolutionGuid = {6E55830E-5894-4A9C-9B77-BC156894CB53}
	EndGlobalSection
EndGlobal
